
Microsoft Visual Studio Solution File, Format Version 12.00
# Visual Studio Version 16
VisualStudioVersion = 16.0.31025.194
MinimumVisualStudioVersion = 10.0.40219.1
Project("{FAE04EC0-301F-11D3-BF4B-00C04F79EFBC}") = "AllocMem", "AllocMem\AllocMem.csproj", "{EAE9703D-4ACF-4CF6-B4A7-47D5BA136717}"
EndProject
Global
	GlobalSection(SolutionConfigurationPlatforms) = preSolution
		Debug|Any CPU = Debug|Any CPU
		Release|Any CPU = Release|Any CPU
	EndGlobalSection
	GlobalSection(ProjectConfigurationPlatforms) = postSolution
		{EAE9703D-4ACF-4CF6-B4A7-47D5BA136717}.Debug|Any CPU.ActiveCfg = Debug|Any CPU
		{EAE9703D-4ACF-4CF6-B4A7-47D5BA136717}.Debug|Any CPU.Build.0 = Debug|Any CPU
		{EAE9703D-4ACF-4CF6-B4A7-47D5BA136717}.Release|Any CPU.ActiveCfg = Release|Any CPU
		{EAE9703D-4ACF-4CF6-B4A7-47D5BA136717}.Release|Any CPU.Build.0 = Release|Any CPU
	EndGlobalSection
	GlobalSection(SolutionProperties) = preSolution
		HideSolutionNode = FALSE
	EndGlobalSection
	GlobalSection(ExtensibilityGlobals) = postSolution
		SolutionGuid = {CD21BAE4-7A47-4EDC-A2E3-A3A9DA79A011}
	EndGlobalSection
EndGlobal
